
Microsoft Visual Studio Solution File, Format Version 12.00
# Visual Studio Version 17
VisualStudioVersion = 17.0.31903.59
MinimumVisualStudioVersion = 10.0.40219.1
Project("{2150E333-8FDC-42A3-9474-1A3956D46DE8}") = "backend", "backend", "{E7EE02D9-3430-47AA-AE32-86036427A95F}"
EndProject
Project("{2150E333-8FDC-42A3-9474-1A3956D46DE8}") = "src", "src", "{45E9E7E0-4DE5-439F-9A6C-056550256891}"
EndProject
Project("{FAE04EC0-301F-11D3-BF4B-00C04F79EFBC}") = "GhcrBrowser.Api", "backend\src\GhcrBrowser.Api\GhcrBrowser.Api.csproj", "{13BC659B-E48C-437D-AD2E-7D1AB461A559}"
EndProject
Project("{2150E333-8FDC-42A3-9474-1A3956D46DE8}") = "tests", "tests", "{EF9071D7-06E5-403A-95D9-521B943CC7EB}"
EndProject
Project("{FAE04EC0-301F-11D3-BF4B-00C04F79EFBC}") = "GhcrBrowser.Tests.Contract", "backend\tests\contract\GhcrBrowser.Tests.Contract.csproj", "{2FCB2540-06E9-478C-A2D7-18B45C55B1AB}"
EndProject
Project("{FAE04EC0-301F-11D3-BF4B-00C04F79EFBC}") = "GhcrBrowser.Tests.Integration", "backend\tests\integration\GhcrBrowser.Tests.Integration.csproj", "{17296330-E196-43C8-82E6-907D5E12D3EF}"
EndProject
Project("{FAE04EC0-301F-11D3-BF4B-00C04F79EFBC}") = "GhcrBrowser.Tests.Unit", "backend\tests\unit\GhcrBrowser.Tests.Unit.csproj", "{765F1501-5B3F-4AB8-82E2-1F989E4F7D81}"
EndProject
Global
	GlobalSection(SolutionConfigurationPlatforms) = preSolution
		Debug|Any CPU = Debug|Any CPU
		Release|Any CPU = Release|Any CPU
	EndGlobalSection
	GlobalSection(SolutionProperties) = preSolution
		HideSolutionNode = FALSE
	EndGlobalSection
	GlobalSection(ProjectConfigurationPlatforms) = postSolution
		{13BC659B-E48C-437D-AD2E-7D1AB461A559}.Debug|Any CPU.ActiveCfg = Debug|Any CPU
		{13BC659B-E48C-437D-AD2E-7D1AB461A559}.Debug|Any CPU.Build.0 = Debug|Any CPU
		{13BC659B-E48C-437D-AD2E-7D1AB461A559}.Release|Any CPU.ActiveCfg = Release|Any CPU
		{13BC659B-E48C-437D-AD2E-7D1AB461A559}.Release|Any CPU.Build.0 = Release|Any CPU
		{2FCB2540-06E9-478C-A2D7-18B45C55B1AB}.Debug|Any CPU.ActiveCfg = Debug|Any CPU
		{2FCB2540-06E9-478C-A2D7-18B45C55B1AB}.Debug|Any CPU.Build.0 = Debug|Any CPU
		{2FCB2540-06E9-478C-A2D7-18B45C55B1AB}.Release|Any CPU.ActiveCfg = Release|Any CPU
		{2FCB2540-06E9-478C-A2D7-18B45C55B1AB}.Release|Any CPU.Build.0 = Release|Any CPU
		{17296330-E196-43C8-82E6-907D5E12D3EF}.Debug|Any CPU.ActiveCfg = Debug|Any CPU
		{17296330-E196-43C8-82E6-907D5E12D3EF}.Debug|Any CPU.Build.0 = Debug|Any CPU
		{17296330-E196-43C8-82E6-907D5E12D3EF}.Release|Any CPU.ActiveCfg = Release|Any CPU
		{17296330-E196-43C8-82E6-907D5E12D3EF}.Release|Any CPU.Build.0 = Release|Any CPU
		{765F1501-5B3F-4AB8-82E2-1F989E4F7D81}.Debug|Any CPU.ActiveCfg = Debug|Any CPU
		{765F1501-5B3F-4AB8-82E2-1F989E4F7D81}.Debug|Any CPU.Build.0 = Debug|Any CPU
		{765F1501-5B3F-4AB8-82E2-1F989E4F7D81}.Release|Any CPU.ActiveCfg = Release|Any CPU
		{765F1501-5B3F-4AB8-82E2-1F989E4F7D81}.Release|Any CPU.Build.0 = Release|Any CPU
	EndGlobalSection
	GlobalSection(NestedProjects) = preSolution
		{45E9E7E0-4DE5-439F-9A6C-056550256891} = {E7EE02D9-3430-47AA-AE32-86036427A95F}
		{13BC659B-E48C-437D-AD2E-7D1AB461A559} = {45E9E7E0-4DE5-439F-9A6C-056550256891}
		{EF9071D7-06E5-403A-95D9-521B943CC7EB} = {E7EE02D9-3430-47AA-AE32-86036427A95F}
		{2FCB2540-06E9-478C-A2D7-18B45C55B1AB} = {EF9071D7-06E5-403A-95D9-521B943CC7EB}
		{17296330-E196-43C8-82E6-907D5E12D3EF} = {EF9071D7-06E5-403A-95D9-521B943CC7EB}
		{765F1501-5B3F-4AB8-82E2-1F989E4F7D81} = {EF9071D7-06E5-403A-95D9-521B943CC7EB}
	EndGlobalSection
EndGlobal
